
Microsoft Visual Studio Solution File, Format Version 12.00
# Visual Studio Version 17
VisualStudioVersion = 17.10.35122.118
MinimumVisualStudioVersion = 10.0.40219.1
Project("{FAE04EC0-301F-11D3-BF4B-00C04F79EFBC}") = "ApiHelloWorld", "ApiHelloWorld\ApiHelloWorld.csproj", "{D794EA6A-B95D-418C-9993-9A1E083AE427}"
EndProject
Global
	GlobalSection(SolutionConfigurationPlatforms) = preSolution
		Debug|Any CPU = Debug|Any CPU
		Release|Any CPU = Release|Any CPU
	EndGlobalSection
	GlobalSection(ProjectConfigurationPlatforms) = postSolution
		{D794EA6A-B95D-418C-9993-9A1E083AE427}.Debug|Any CPU.ActiveCfg = Debug|Any CPU
		{D794EA6A-B95D-418C-9993-9A1E083AE427}.Debug|Any CPU.Build.0 = Debug|Any CPU
		{D794EA6A-B95D-418C-9993-9A1E083AE427}.Release|Any CPU.ActiveCfg = Release|Any CPU
		{D794EA6A-B95D-418C-9993-9A1E083AE427}.Release|Any CPU.Build.0 = Release|Any CPU
	EndGlobalSection
	GlobalSection(SolutionProperties) = preSolution
		HideSolutionNode = FALSE
	EndGlobalSection
	GlobalSection(ExtensibilityGlobals) = postSolution
		SolutionGuid = {3F603255-F4FB-4277-AF1F-FF3C6ED2F624}
	EndGlobalSection
EndGlobal
